
Microsoft Visual Studio Solution File, Format Version 12.00
# Visual Studio 2012
Project("{FAE04EC0-301F-11D3-BF4B-00C04F79EFBC}") = "TrapezeFlyout", "TrapezeFlyout\TrapezeFlyout.csproj", "{64E47583-754E-491E-9C89-33100FE8C10E}"
EndProject
Project("{FAE04EC0-301F-11D3-BF4B-00C04F79EFBC}") = "TrapezeFlyoutLibrary", "TrapezeFlyoutLibrary\TrapezeFlyoutLibrary.csproj", "{E787C21D-2B04-4A22-B1EC-F6BDAABDBAA7}"
EndProject
Global
	GlobalSection(SolutionConfigurationPlatforms) = preSolution
		Debug|iPhoneSimulator = Debug|iPhoneSimulator
		Release|iPhone = Release|iPhone
		Release|iPhoneSimulator = Release|iPhoneSimulator
		Debug|iPhone = Debug|iPhone
	EndGlobalSection
	GlobalSection(ProjectConfigurationPlatforms) = postSolution
		{64E47583-754E-491E-9C89-33100FE8C10E}.Debug|iPhoneSimulator.ActiveCfg = Debug|iPhoneSimulator
		{64E47583-754E-491E-9C89-33100FE8C10E}.Debug|iPhoneSimulator.Build.0 = Debug|iPhoneSimulator
		{64E47583-754E-491E-9C89-33100FE8C10E}.Release|iPhone.ActiveCfg = Release|iPhone
		{64E47583-754E-491E-9C89-33100FE8C10E}.Release|iPhone.Build.0 = Release|iPhone
		{64E47583-754E-491E-9C89-33100FE8C10E}.Release|iPhoneSimulator.ActiveCfg = Release|iPhoneSimulator
		{64E47583-754E-491E-9C89-33100FE8C10E}.Release|iPhoneSimulator.Build.0 = Release|iPhoneSimulator
		{64E47583-754E-491E-9C89-33100FE8C10E}.Debug|iPhone.ActiveCfg = Debug|iPhone
		{64E47583-754E-491E-9C89-33100FE8C10E}.Debug|iPhone.Build.0 = Debug|iPhone
		{E787C21D-2B04-4A22-B1EC-F6BDAABDBAA7}.Debug|iPhoneSimulator.ActiveCfg = Debug|Any CPU
		{E787C21D-2B04-4A22-B1EC-F6BDAABDBAA7}.Debug|iPhoneSimulator.Build.0 = Debug|Any CPU
		{E787C21D-2B04-4A22-B1EC-F6BDAABDBAA7}.Release|iPhone.ActiveCfg = Release|Any CPU
		{E787C21D-2B04-4A22-B1EC-F6BDAABDBAA7}.Release|iPhone.Build.0 = Release|Any CPU
		{E787C21D-2B04-4A22-B1EC-F6BDAABDBAA7}.Release|iPhoneSimulator.ActiveCfg = Release|Any CPU
		{E787C21D-2B04-4A22-B1EC-F6BDAABDBAA7}.Release|iPhoneSimulator.Build.0 = Release|Any CPU
		{E787C21D-2B04-4A22-B1EC-F6BDAABDBAA7}.Debug|iPhone.ActiveCfg = Debug|Any CPU
		{E787C21D-2B04-4A22-B1EC-F6BDAABDBAA7}.Debug|iPhone.Build.0 = Debug|Any CPU
	EndGlobalSection
EndGlobal
